
Microsoft Visual Studio Solution File, Format Version 12.00
# Visual Studio Version 17
VisualStudioVersion = 17.14.36414.22 d17.14
MinimumVisualStudioVersion = 10.0.40219.1
Project("{FAE04EC0-301F-11D3-BF4B-00C04F79EFBC}") = "Bank_API", "Bank_API\Bank_API.csproj", "{DDCE9277-275F-4134-AD7A-1CA8027191C8}"
EndProject
Global
	GlobalSection(SolutionConfigurationPlatforms) = preSolution
		Debug|Any CPU = Debug|Any CPU
		Release|Any CPU = Release|Any CPU
	EndGlobalSection
	GlobalSection(ProjectConfigurationPlatforms) = postSolution
		{DDCE9277-275F-4134-AD7A-1CA8027191C8}.Debug|Any CPU.ActiveCfg = Debug|Any CPU
		{DDCE9277-275F-4134-AD7A-1CA8027191C8}.Debug|Any CPU.Build.0 = Debug|Any CPU
		{DDCE9277-275F-4134-AD7A-1CA8027191C8}.Release|Any CPU.ActiveCfg = Release|Any CPU
		{DDCE9277-275F-4134-AD7A-1CA8027191C8}.Release|Any CPU.Build.0 = Release|Any CPU
	EndGlobalSection
	GlobalSection(SolutionProperties) = preSolution
		HideSolutionNode = FALSE
	EndGlobalSection
	GlobalSection(ExtensibilityGlobals) = postSolution
		SolutionGuid = {94DF1706-EDBA-4192-BB90-9BDE8410E5FF}
	EndGlobalSection
EndGlobal
